
Microsoft Visual Studio Solution File, Format Version 12.00
# Visual Studio 15
VisualStudioVersion = 15.0.27004.2008
MinimumVisualStudioVersion = 10.0.40219.1
Project("{FAE04EC0-301F-11D3-BF4B-00C04F79EFBC}") = "UnitTestProject1", "UnitTestProject1\UnitTestProject1.csproj", "{CC59C22B-5755-462A-8F28-47FAE16B05C6}"
EndProject
Global
	GlobalSection(SolutionConfigurationPlatforms) = preSolution
		Debug|Any CPU = Debug|Any CPU
		Release|Any CPU = Release|Any CPU
	EndGlobalSection
	GlobalSection(ProjectConfigurationPlatforms) = postSolution
		{CC59C22B-5755-462A-8F28-47FAE16B05C6}.Debug|Any CPU.ActiveCfg = Debug|Any CPU
		{CC59C22B-5755-462A-8F28-47FAE16B05C6}.Debug|Any CPU.Build.0 = Debug|Any CPU
		{CC59C22B-5755-462A-8F28-47FAE16B05C6}.Release|Any CPU.ActiveCfg = Release|Any CPU
		{CC59C22B-5755-462A-8F28-47FAE16B05C6}.Release|Any CPU.Build.0 = Release|Any CPU
	EndGlobalSection
	GlobalSection(SolutionProperties) = preSolution
		HideSolutionNode = FALSE
	EndGlobalSection
	GlobalSection(ExtensibilityGlobals) = postSolution
		SolutionGuid = {0EB1C730-DC94-49B9-AACC-E7C569F3B966}
	EndGlobalSection
EndGlobal
