
Microsoft Visual Studio Solution File, Format Version 12.00
# Visual Studio 15
VisualStudioVersion = 15.0.27004.2005
MinimumVisualStudioVersion = 10.0.40219.1
Project("{FAE04EC0-301F-11D3-BF4B-00C04F79EFBC}") = "Task2_2", "Task2_2\Task2_2.csproj", "{AF7433AB-C3E9-4B50-BDFA-434AABCB6929}"
EndProject
Global
	GlobalSection(SolutionConfigurationPlatforms) = preSolution
		Debug|Any CPU = Debug|Any CPU
		Release|Any CPU = Release|Any CPU
	EndGlobalSection
	GlobalSection(ProjectConfigurationPlatforms) = postSolution
		{AF7433AB-C3E9-4B50-BDFA-434AABCB6929}.Debug|Any CPU.ActiveCfg = Debug|Any CPU
		{AF7433AB-C3E9-4B50-BDFA-434AABCB6929}.Debug|Any CPU.Build.0 = Debug|Any CPU
		{AF7433AB-C3E9-4B50-BDFA-434AABCB6929}.Release|Any CPU.ActiveCfg = Release|Any CPU
		{AF7433AB-C3E9-4B50-BDFA-434AABCB6929}.Release|Any CPU.Build.0 = Release|Any CPU
	EndGlobalSection
	GlobalSection(SolutionProperties) = preSolution
		HideSolutionNode = FALSE
	EndGlobalSection
	GlobalSection(ExtensibilityGlobals) = postSolution
		SolutionGuid = {C67AC8E4-EC11-4ED9-9ED9-DCC232CBD35A}
	EndGlobalSection
EndGlobal
