
Microsoft Visual Studio Solution File, Format Version 12.00
# Visual Studio 15
VisualStudioVersion = 15.0.27004.2005
MinimumVisualStudioVersion = 10.0.40219.1
Project("{FAE04EC0-301F-11D3-BF4B-00C04F79EFBC}") = "LibraryTask5", "LibraryTask5\LibraryTask5.csproj", "{84C1B2E9-D70B-42DE-A868-30AADF708178}"
EndProject
Global
	GlobalSection(SolutionConfigurationPlatforms) = preSolution
		Debug|Any CPU = Debug|Any CPU
		Release|Any CPU = Release|Any CPU
	EndGlobalSection
	GlobalSection(ProjectConfigurationPlatforms) = postSolution
		{84C1B2E9-D70B-42DE-A868-30AADF708178}.Debug|Any CPU.ActiveCfg = Debug|Any CPU
		{84C1B2E9-D70B-42DE-A868-30AADF708178}.Debug|Any CPU.Build.0 = Debug|Any CPU
		{84C1B2E9-D70B-42DE-A868-30AADF708178}.Release|Any CPU.ActiveCfg = Release|Any CPU
		{84C1B2E9-D70B-42DE-A868-30AADF708178}.Release|Any CPU.Build.0 = Release|Any CPU
	EndGlobalSection
	GlobalSection(SolutionProperties) = preSolution
		HideSolutionNode = FALSE
	EndGlobalSection
	GlobalSection(ExtensibilityGlobals) = postSolution
		SolutionGuid = {0D48A00C-9A1B-40EF-BBD5-4DA52EB79E9E}
	EndGlobalSection
EndGlobal
