
Microsoft Visual Studio Solution File, Format Version 12.00
# Visual Studio 15
VisualStudioVersion = 15.0.27004.2008
MinimumVisualStudioVersion = 10.0.40219.1
Project("{FAE04EC0-301F-11D3-BF4B-00C04F79EFBC}") = "Task8", "Task8\Task8.csproj", "{3BE1E33B-8BB8-4D90-B3F6-85B6D692218E}"
EndProject
Global
	GlobalSection(SolutionConfigurationPlatforms) = preSolution
		Debug|Any CPU = Debug|Any CPU
		Release|Any CPU = Release|Any CPU
	EndGlobalSection
	GlobalSection(ProjectConfigurationPlatforms) = postSolution
		{3BE1E33B-8BB8-4D90-B3F6-85B6D692218E}.Debug|Any CPU.ActiveCfg = Debug|Any CPU
		{3BE1E33B-8BB8-4D90-B3F6-85B6D692218E}.Debug|Any CPU.Build.0 = Debug|Any CPU
		{3BE1E33B-8BB8-4D90-B3F6-85B6D692218E}.Release|Any CPU.ActiveCfg = Release|Any CPU
		{3BE1E33B-8BB8-4D90-B3F6-85B6D692218E}.Release|Any CPU.Build.0 = Release|Any CPU
	EndGlobalSection
	GlobalSection(SolutionProperties) = preSolution
		HideSolutionNode = FALSE
	EndGlobalSection
	GlobalSection(ExtensibilityGlobals) = postSolution
		SolutionGuid = {8308D288-5FE8-4A56-A8E7-16C2CB090DAB}
	EndGlobalSection
EndGlobal
